// !$*UTF8*$!
{
	archiveVersion = 1;
	classes = {
	};
	objectVersion = 50;
	objects = {

/* Begin PBXBuildFile section */
		773851AA2239982B008CB09A /* Loading_UI.framework in Frameworks */ = {isa = PBXBuildFile; fileRef = 773851A02239982B008CB09A /* Loading_UI.framework */; };
		773851AF2239982B008CB09A /* Loading_UITests.swift in Sources */ = {isa = PBXBuildFile; fileRef = 773851AE2239982B008CB09A /* Loading_UITests.swift */; };
		773851B12239982B008CB09A /* Loading_UI.h in Headers */ = {isa = PBXBuildFile; fileRef = 773851A32239982B008CB09A /* Loading_UI.h */; settings = {ATTRIBUTES = (Public, ); }; };
		773851F722399ADD008CB09A /* LoadingViewController.swift in Sources */ = {isa = PBXBuildFile; fileRef = 773851F622399ADD008CB09A /* LoadingViewController.swift */; };
/* End PBXBuildFile section */

/* Begin PBXContainerItemProxy section */
		773851AB2239982B008CB09A /* PBXContainerItemProxy */ = {
			isa = PBXContainerItemProxy;
			containerPortal = 773851972239982B008CB09A /* Project object */;
			proxyType = 1;
			remoteGlobalIDString = 7738519F2239982B008CB09A;
			remoteInfo = "Loading UI";
		};
/* End PBXContainerItemProxy section */

/* Begin PBXFileReference section */
		773851A02239982B008CB09A /* Loading_UI.framework */ = {isa = PBXFileReference; explicitFileType = wrapper.framework; includeInIndex = 0; path = Loading_UI.framework; sourceTree = BUILT_PRODUCTS_DIR; };
		773851A32239982B008CB09A /* Loading_UI.h */ = {isa = PBXFileReference; lastKnownFileType = sourcecode.c.h; path = Loading_UI.h; sourceTree = "<group>"; };
		773851A42239982B008CB09A /* Info.plist */ = {isa = PBXFileReference; lastKnownFileType = text.plist.xml; path = Info.plist; sourceTree = "<group>"; };
		773851A92239982B008CB09A /* Loading UITests.xctest */ = {isa = PBXFileReference; explicitFileType = wrapper.cfbundle; includeInIndex = 0; path = "Loading UITests.xctest"; sourceTree = BUILT_PRODUCTS_DIR; };
		773851AE2239982B008CB09A /* Loading_UITests.swift */ = {isa = PBXFileReference; lastKnownFileType = sourcecode.swift; path = Loading_UITests.swift; sourceTree = "<group>"; };
		773851B02239982B008CB09A /* Info.plist */ = {isa = PBXFileReference; lastKnownFileType = text.plist.xml; path = Info.plist; sourceTree = "<group>"; };
		773851F622399ADD008CB09A /* LoadingViewController.swift */ = {isa = PBXFileReference; lastKnownFileType = sourcecode.swift; path = LoadingViewController.swift; sourceTree = "<group>"; };
/* End PBXFileReference section */

/* Begin PBXFrameworksBuildPhase section */
		7738519D2239982B008CB09A /* Frameworks */ = {
			isa = PBXFrameworksBuildPhase;
			buildActionMask = 2147483647;
			files = (
			);
			runOnlyForDeploymentPostprocessing = 0;
		};
		773851A62239982B008CB09A /* Frameworks */ = {
			isa = PBXFrameworksBuildPhase;
			buildActionMask = 2147483647;
			files = (
				773851AA2239982B008CB09A /* Loading_UI.framework in Frameworks */,
			);
			runOnlyForDeploymentPostprocessing = 0;
		};
/* End PBXFrameworksBuildPhase section */

/* Begin PBXGroup section */
		773851962239982B008CB09A = {
			isa = PBXGroup;
			children = (
				773851A22239982B008CB09A /* Loading UI */,
				773851AD2239982B008CB09A /* Loading UITests */,
				773851A12239982B008CB09A /* Products */,
			);
			sourceTree = "<group>";
		};
		773851A12239982B008CB09A /* Products */ = {
			isa = PBXGroup;
			children = (
				773851A02239982B008CB09A /* Loading_UI.framework */,
				773851A92239982B008CB09A /* Loading UITests.xctest */,
			);
			name = Products;
			sourceTree = "<group>";
		};
		773851A22239982B008CB09A /* Loading UI */ = {
			isa = PBXGroup;
			children = (
				773851BA2239984C008CB09A /* Other Sources */,
				773851A42239982B008CB09A /* Info.plist */,
				773851F622399ADD008CB09A /* LoadingViewController.swift */,
			);
			path = "Loading UI";
			sourceTree = "<group>";
		};
		773851AD2239982B008CB09A /* Loading UITests */ = {
			isa = PBXGroup;
			children = (
				773851AE2239982B008CB09A /* Loading_UITests.swift */,
				773851B02239982B008CB09A /* Info.plist */,
			);
			path = "Loading UITests";
			sourceTree = "<group>";
		};
		773851BA2239984C008CB09A /* Other Sources */ = {
			isa = PBXGroup;
			children = (
				773851A32239982B008CB09A /* Loading_UI.h */,
			);
			path = "Other Sources";
			sourceTree = "<group>";
		};
/* End PBXGroup section */

/* Begin PBXHeadersBuildPhase section */
		7738519B2239982B008CB09A /* Headers */ = {
			isa = PBXHeadersBuildPhase;
			buildActionMask = 2147483647;
			files = (
				773851B12239982B008CB09A /* Loading_UI.h in Headers */,
			);
			runOnlyForDeploymentPostprocessing = 0;
		};
/* End PBXHeadersBuildPhase section */

/* Begin PBXNativeTarget section */
		7738519F2239982B008CB09A /* Loading UI */ = {
			isa = PBXNativeTarget;
			buildConfigurationList = 773851B42239982B008CB09A /* Build configuration list for PBXNativeTarget "Loading UI" */;
			buildPhases = (
				7738519B2239982B008CB09A /* Headers */,
				7738519C2239982B008CB09A /* Sources */,
				7738519D2239982B008CB09A /* Frameworks */,
				7738519E2239982B008CB09A /* Resources */,
			);
			buildRules = (
			);
			dependencies = (
			);
			name = "Loading UI";
			productName = "Loading UI";
			productReference = 773851A02239982B008CB09A /* Loading_UI.framework */;
			productType = "com.apple.product-type.framework";
		};
		773851A82239982B008CB09A /* Loading UITests */ = {
			isa = PBXNativeTarget;
			buildConfigurationList = 773851B72239982B008CB09A /* Build configuration list for PBXNativeTarget "Loading UITests" */;
			buildPhases = (
				773851A52239982B008CB09A /* Sources */,
				773851A62239982B008CB09A /* Frameworks */,
				773851A72239982B008CB09A /* Resources */,
			);
			buildRules = (
			);
			dependencies = (
				773851AC2239982B008CB09A /* PBXTargetDependency */,
			);
			name = "Loading UITests";
			productName = "Loading UITests";
			productReference = 773851A92239982B008CB09A /* Loading UITests.xctest */;
			productType = "com.apple.product-type.bundle.unit-test";
		};
/* End PBXNativeTarget section */

/* Begin PBXProject section */
		773851972239982B008CB09A /* Project object */ = {
			isa = PBXProject;
			attributes = {
				LastSwiftUpdateCheck = 1010;
				LastUpgradeCheck = 1010;
				ORGANIZATIONNAME = "Nathanael Youngren";
				TargetAttributes = {
					7738519F2239982B008CB09A = {
						CreatedOnToolsVersion = 10.1;
						LastSwiftMigration = 1010;
					};
					773851A82239982B008CB09A = {
						CreatedOnToolsVersion = 10.1;
					};
				};
			};
			buildConfigurationList = 7738519A2239982B008CB09A /* Build configuration list for PBXProject "Loading UI" */;
			compatibilityVersion = "Xcode 9.3";
			developmentRegion = en;
			hasScannedForEncodings = 0;
			knownRegions = (
				en,
			);
			mainGroup = 773851962239982B008CB09A;
			productRefGroup = 773851A12239982B008CB09A /* Products */;
			projectDirPath = "";
			projectRoot = "";
			targets = (
				7738519F2239982B008CB09A /* Loading UI */,
				773851A82239982B008CB09A /* Loading UITests */,
			);
		};
/* End PBXProject section */

/* Begin PBXResourcesBuildPhase section */
		7738519E2239982B008CB09A /* Resources */ = {
			isa = PBXResourcesBuildPhase;
			buildActionMask = 2147483647;
			files = (
			);
			runOnlyForDeploymentPostprocessing = 0;
		};
		773851A72239982B008CB09A /* Resources */ = {
			isa = PBXResourcesBuildPhase;
			buildActionMask = 2147483647;
			files = (
			);
			runOnlyForDeploymentPostprocessing = 0;
		};
/* End PBXResourcesBuildPhase section */

/* Begin PBXSourcesBuildPhase section */
		7738519C2239982B008CB09A /* Sources */ = {
			isa = PBXSourcesBuildPhase;
			buildActionMask = 2147483647;
			files = (
				773851F722399ADD008CB09A /* LoadingViewController.swift in Sources */,
			);
			runOnlyForDeploymentPostprocessing = 0;
		};
		773851A52239982B008CB09A /* Sources */ = {
			isa = PBXSourcesBuildPhase;
			buildActionMask = 2147483647;
			files = (
				773851AF2239982B008CB09A /* Loading_UITests.swift in Sources */,
			);
			runOnlyForDeploymentPostprocessing = 0;
		};
/* End PBXSourcesBuildPhase section */

/* Begin PBXTargetDependency section */
		773851AC2239982B008CB09A /* PBXTargetDependency */ = {
			isa = PBXTargetDependency;
			target = 7738519F2239982B008CB09A /* Loading UI */;
			targetProxy = 773851AB2239982B008CB09A /* PBXContainerItemProxy */;
		};
/* End PBXTargetDependency section */

/* Begin XCBuildConfiguration section */
		773851B22239982B008CB09A /* Debug */ = {
			isa = XCBuildConfiguration;
			buildSettings = {
				ALWAYS_SEARCH_USER_PATHS = NO;
				CLANG_ANALYZER_NONNULL = YES;
				CLANG_ANALYZER_NUMBER_OBJECT_CONVERSION = YES_AGGRESSIVE;
				CLANG_CXX_LANGUAGE_STANDARD = "gnu++14";
				CLANG_CXX_LIBRARY = "libc++";
				CLANG_ENABLE_MODULES = YES;
				CLANG_ENABLE_OBJC_ARC = YES;
				CLANG_ENABLE_OBJC_WEAK = YES;
				CLANG_WARN_BLOCK_CAPTURE_AUTORELEASING = YES;
				CLANG_WARN_BOOL_CONVERSION = YES;
				CLANG_WARN_COMMA = YES;
				CLANG_WARN_CONSTANT_CONVERSION = YES;
				CLANG_WARN_DEPRECATED_OBJC_IMPLEMENTATIONS = YES;
				CLANG_WARN_DIRECT_OBJC_ISA_USAGE = YES_ERROR;
				CLANG_WARN_DOCUMENTATION_COMMENTS = YES;
				CLANG_WARN_EMPTY_BODY = YES;
				CLANG_WARN_ENUM_CONVERSION = YES;
				CLANG_WARN_INFINITE_RECURSION = YES;
				CLANG_WARN_INT_CONVERSION = YES;
				CLANG_WARN_NON_LITERAL_NULL_CONVERSION = YES;
				CLANG_WARN_OBJC_IMPLICIT_RETAIN_SELF = YES;
				CLANG_WARN_OBJC_LITERAL_CONVERSION = YES;
				CLANG_WARN_OBJC_ROOT_CLASS = YES_ERROR;
				CLANG_WARN_RANGE_LOOP_ANALYSIS = YES;
				CLANG_WARN_STRICT_PROTOTYPES = YES;
				CLANG_WARN_SUSPICIOUS_MOVE = YES;
				CLANG_WARN_UNGUARDED_AVAILABILITY = YES_AGGRESSIVE;
				CLANG_WARN_UNREACHABLE_CODE = YES;
				CLANG_WARN__DUPLICATE_METHOD_MATCH = YES;
				CODE_SIGN_IDENTITY = "iPhone Developer";
				COPY_PHASE_STRIP = NO;
				CURRENT_PROJECT_VERSION = 1;
				DEBUG_INFORMATION_FORMAT = dwarf;
				ENABLE_STRICT_OBJC_MSGSEND = YES;
				ENABLE_TESTABILITY = YES;
				GCC_C_LANGUAGE_STANDARD = gnu11;
				GCC_DYNAMIC_NO_PIC = NO;
				GCC_NO_COMMON_BLOCKS = YES;
				GCC_OPTIMIZATION_LEVEL = 0;
				GCC_PREPROCESSOR_DEFINITIONS = (
					"DEBUG=1",
					"$(inherited)",
				);
				GCC_WARN_64_TO_32_BIT_CONVERSION = YES;
				GCC_WARN_ABOUT_RETURN_TYPE = YES_ERROR;
				GCC_WARN_UNDECLARED_SELECTOR = YES;
				GCC_WARN_UNINITIALIZED_AUTOS = YES_AGGRESSIVE;
				GCC_WARN_UNUSED_FUNCTION = YES;
				GCC_WARN_UNUSED_VARIABLE = YES;
				IPHONEOS_DEPLOYMENT_TARGET = 12.1;
				MTL_ENABLE_DEBUG_INFO = INCLUDE_SOURCE;
				MTL_FAST_MATH = YES;
				ONLY_ACTIVE_ARCH = YES;
				SDKROOT = iphoneos;
				SWIFT_ACTIVE_COMPILATION_CONDITIONS = DEBUG;
				SWIFT_OPTIMIZATION_LEVEL = "-Onone";
				VERSIONING_SYSTEM = "apple-generic";
				VERSION_INFO_PREFIX = "";
			};
			name = Debug;
		};
		773851B32239982B008CB09A /* Release */ = {
			isa = XCBuildConfiguration;
			buildSettings = {
				ALWAYS_SEARCH_USER_PATHS = NO;
				CLANG_ANALYZER_NONNULL = YES;
				CLANG_ANALYZER_NUMBER_OBJECT_CONVERSION = YES_AGGRESSIVE;
				CLANG_CXX_LANGUAGE_STANDARD = "gnu++14";
				CLANG_CXX_LIBRARY = "libc++";
				CLANG_ENABLE_MODULES = YES;
				CLANG_ENABLE_OBJC_ARC = YES;
				CLANG_ENABLE_OBJC_WEAK = YES;
				CLANG_WARN_BLOCK_CAPTURE_AUTORELEASING = YES;
				CLANG_WARN_BOOL_CONVERSION = YES;
				CLANG_WARN_COMMA = YES;
				CLANG_WARN_CONSTANT_CONVERSION = YES;
				CLANG_WARN_DEPRECATED_OBJC_IMPLEMENTATIONS = YES;
				CLANG_WARN_DIRECT_OBJC_ISA_USAGE = YES_ERROR;
				CLANG_WARN_DOCUMENTATION_COMMENTS = YES;
				CLANG_WARN_EMPTY_BODY = YES;
				CLANG_WARN_ENUM_CONVERSION = YES;
				CLANG_WARN_INFINITE_RECURSION = YES;
				CLANG_WARN_INT_CONVERSION = YES;
				CLANG_WARN_NON_LITERAL_NULL_CONVERSION = YES;
				CLANG_WARN_OBJC_IMPLICIT_RETAIN_SELF = YES;
				CLANG_WARN_OBJC_LITERAL_CONVERSION = YES;
				CLANG_WARN_OBJC_ROOT_CLASS = YES_ERROR;
				CLANG_WARN_RANGE_LOOP_ANALYSIS = YES;
				CLANG_WARN_STRICT_PROTOTYPES = YES;
				CLANG_WARN_SUSPICIOUS_MOVE = YES;
				CLANG_WARN_UNGUARDED_AVAILABILITY = YES_AGGRESSIVE;
				CLANG_WARN_UNREACHABLE_CODE = YES;
				CLANG_WARN__DUPLICATE_METHOD_MATCH = YES;
				CODE_SIGN_IDENTITY = "iPhone Developer";
				COPY_PHASE_STRIP = NO;
				CURRENT_PROJECT_VERSION = 1;
				DEBUG_INFORMATION_FORMAT = "dwarf-with-dsym";
				ENABLE_NS_ASSERTIONS = NO;
				ENABLE_STRICT_OBJC_MSGSEND = YES;
				GCC_C_LANGUAGE_STANDARD = gnu11;
				GCC_NO_COMMON_BLOCKS = YES;
				GCC_WARN_64_TO_32_BIT_CONVERSION = YES;
				GCC_WARN_ABOUT_RETURN_TYPE = YES_ERROR;
				GCC_WARN_UNDECLARED_SELECTOR = YES;
				GCC_WARN_UNINITIALIZED_AUTOS = YES_AGGRESSIVE;
				GCC_WARN_UNUSED_FUNCTION = YES;
				GCC_WARN_UNUSED_VARIABLE = YES;
				IPHONEOS_DEPLOYMENT_TARGET = 12.1;
				MTL_ENABLE_DEBUG_INFO = NO;
				MTL_FAST_MATH = YES;
				SDKROOT = iphoneos;
				SWIFT_COMPILATION_MODE = wholemodule;
				SWIFT_OPTIMIZATION_LEVEL = "-O";
				VALIDATE_PRODUCT = YES;
				VERSIONING_SYSTEM = "apple-generic";
				VERSION_INFO_PREFIX = "";
			};
			name = Release;
		};
		773851B52239982B008CB09A /* Debug */ = {
			isa = XCBuildConfiguration;
			buildSettings = {
				CLANG_ENABLE_MODULES = YES;
				CODE_SIGN_IDENTITY = "";
				CODE_SIGN_STYLE = Automatic;
				DEFINES_MODULE = YES;
				DEVELOPMENT_TEAM = HBKK7B5HAP;
				DYLIB_COMPATIBILITY_VERSION = 1;
				DYLIB_CURRENT_VERSION = 1;
				DYLIB_INSTALL_NAME_BASE = "@rpath";
				INFOPLIST_FILE = "Loading UI/Info.plist";
				INSTALL_PATH = "$(LOCAL_LIBRARY_DIR)/Frameworks";
				LD_RUNPATH_SEARCH_PATHS = (
					"$(inherited)",
					"@executable_path/Frameworks",
					"@loader_path/Frameworks",
				);
				PRODUCT_BUNDLE_IDENTIFIER = "com.nateyoungren.Loading-UI";
				PRODUCT_NAME = "$(TARGET_NAME:c99extidentifier)";
				SKIP_INSTALL = YES;
				SWIFT_OPTIMIZATION_LEVEL = "-Onone";
				SWIFT_VERSION = 4.2;
				TARGETED_DEVICE_FAMILY = "1,2";
			};
			name = Debug;
		};
		773851B62239982B008CB09A /* Release */ = {
			isa = XCBuildConfiguration;
			buildSettings = {
				CLANG_ENABLE_MODULES = YES;
				CODE_SIGN_IDENTITY = "";
				CODE_SIGN_STYLE = Automatic;
				DEFINES_MODULE = YES;
				DEVELOPMENT_TEAM = HBKK7B5HAP;
				DYLIB_COMPATIBILITY_VERSION = 1;
				DYLIB_CURRENT_VERSION = 1;
				DYLIB_INSTALL_NAME_BASE = "@rpath";
				INFOPLIST_FILE = "Loading UI/Info.plist";
				INSTALL_PATH = "$(LOCAL_LIBRARY_DIR)/Frameworks";
				LD_RUNPATH_SEARCH_PATHS = (
					"$(inherited)",
					"@executable_path/Frameworks",
					"@loader_path/Frameworks",
				);
				PRODUCT_BUNDLE_IDENTIFIER = "com.nateyoungren.Loading-UI";
				PRODUCT_NAME = "$(TARGET_NAME:c99extidentifier)";
				SKIP_INSTALL = YES;
				SWIFT_VERSION = 4.2;
				TARGETED_DEVICE_FAMILY = "1,2";
			};
			name = Release;
		};
		773851B82239982B008CB09A /* Debug */ = {
			isa = XCBuildConfiguration;
			buildSettings = {
				ALWAYS_EMBED_SWIFT_STANDARD_LIBRARIES = YES;
				CODE_SIGN_STYLE = Automatic;
				DEVELOPMENT_TEAM = HBKK7B5HAP;
				INFOPLIST_FILE = "Loading UITests/Info.plist";
				LD_RUNPATH_SEARCH_PATHS = (
					"$(inherited)",
					"@executable_path/Frameworks",
					"@loader_path/Frameworks",
				);
				PRODUCT_BUNDLE_IDENTIFIER = "com.nateyoungren.Loading-UITests";
				PRODUCT_NAME = "$(TARGET_NAME)";
				SWIFT_VERSION = 4.2;
				TARGETED_DEVICE_FAMILY = "1,2";
			};
			name = Debug;
		};
		773851B92239982B008CB09A /* Release */ = {
			isa = XCBuildConfiguration;
			buildSettings = {
				ALWAYS_EMBED_SWIFT_STANDARD_LIBRARIES = YES;
				CODE_SIGN_STYLE = Automatic;
				DEVELOPMENT_TEAM = HBKK7B5HAP;
				INFOPLIST_FILE = "Loading UITests/Info.plist";
				LD_RUNPATH_SEARCH_PATHS = (
					"$(inherited)",
					"@executable_path/Frameworks",
					"@loader_path/Frameworks",
				);
				PRODUCT_BUNDLE_IDENTIFIER = "com.nateyoungren.Loading-UITests";
				PRODUCT_NAME = "$(TARGET_NAME)";
				SWIFT_VERSION = 4.2;
				TARGETED_DEVICE_FAMILY = "1,2";
			};
			name = Release;
		};
/* End XCBuildConfiguration section */

/* Begin XCConfigurationList section */
		7738519A2239982B008CB09A /* Build configuration list for PBXProject "Loading UI" */ = {
			isa = XCConfigurationList;
			buildConfigurations = (
				773851B22239982B008CB09A /* Debug */,
				773851B32239982B008CB09A /* Release */,
			);
			defaultConfigurationIsVisible = 0;
			defaultConfigurationName = Release;
		};
		773851B42239982B008CB09A /* Build configuration list for PBXNativeTarget "Loading UI" */ = {
			isa = XCConfigurationList;
			buildConfigurations = (
				773851B52239982B008CB09A /* Debug */,
				773851B62239982B008CB09A /* Release */,
			);
			defaultConfigurationIsVisible = 0;
			defaultConfigurationName = Release;
		};
		773851B72239982B008CB09A /* Build configuration list for PBXNativeTarget "Loading UITests" */ = {
			isa = XCConfigurationList;
			buildConfigurations = (
				773851B82239982B008CB09A /* Debug */,
				773851B92239982B008CB09A /* Release */,
			);
			defaultConfigurationIsVisible = 0;
			defaultConfigurationName = Release;
		};
/* End XCConfigurationList section */
	};
	rootObject = 773851972239982B008CB09A /* Project object */;
}
